
Microsoft Visual Studio Solution File, Format Version 12.00
# Visual Studio Version 16
VisualStudioVersion = 16.0.29728.190
MinimumVisualStudioVersion = 10.0.40219.1
Project("{8BC9CEB8-8B4A-11D0-8D11-00A0C91BC942}") = "gubanov", "gubanov.vcxproj", "{903C307B-10CF-4DDC-A92F-F8625124B8DB}"
EndProject
Project("{8BC9CEB8-8B4A-11D0-8D11-00A0C91BC942}") = "mydll", "..\mydll\mydll.vcxproj", "{7178B6E2-61B8-4FBC-A058-FAEE854E5376}"
EndProject
Global
	GlobalSection(SolutionConfigurationPlatforms) = preSolution
		Debug|x64 = Debug|x64
		Debug|x86 = Debug|x86
		Release|x64 = Release|x64
		Release|x86 = Release|x86
	EndGlobalSection
	GlobalSection(ProjectConfigurationPlatforms) = postSolution
		{903C307B-10CF-4DDC-A92F-F8625124B8DB}.Debug|x64.ActiveCfg = Debug|x64
		{903C307B-10CF-4DDC-A92F-F8625124B8DB}.Debug|x64.Build.0 = Debug|x64
		{903C307B-10CF-4DDC-A92F-F8625124B8DB}.Debug|x86.ActiveCfg = Debug|Win32
		{903C307B-10CF-4DDC-A92F-F8625124B8DB}.Debug|x86.Build.0 = Debug|Win32
		{903C307B-10CF-4DDC-A92F-F8625124B8DB}.Release|x64.ActiveCfg = Release|x64
		{903C307B-10CF-4DDC-A92F-F8625124B8DB}.Release|x64.Build.0 = Release|x64
		{903C307B-10CF-4DDC-A92F-F8625124B8DB}.Release|x86.ActiveCfg = Release|Win32
		{903C307B-10CF-4DDC-A92F-F8625124B8DB}.Release|x86.Build.0 = Release|Win32
		{7178B6E2-61B8-4FBC-A058-FAEE854E5376}.Debug|x64.ActiveCfg = Debug|x64
		{7178B6E2-61B8-4FBC-A058-FAEE854E5376}.Debug|x64.Build.0 = Debug|x64
		{7178B6E2-61B8-4FBC-A058-FAEE854E5376}.Debug|x86.ActiveCfg = Debug|Win32
		{7178B6E2-61B8-4FBC-A058-FAEE854E5376}.Debug|x86.Build.0 = Debug|Win32
		{7178B6E2-61B8-4FBC-A058-FAEE854E5376}.Release|x64.ActiveCfg = Release|x64
		{7178B6E2-61B8-4FBC-A058-FAEE854E5376}.Release|x64.Build.0 = Release|x64
		{7178B6E2-61B8-4FBC-A058-FAEE854E5376}.Release|x86.ActiveCfg = Release|Win32
		{7178B6E2-61B8-4FBC-A058-FAEE854E5376}.Release|x86.Build.0 = Release|Win32
	EndGlobalSection
	GlobalSection(SolutionProperties) = preSolution
		HideSolutionNode = FALSE
	EndGlobalSection
	GlobalSection(ExtensibilityGlobals) = postSolution
		SolutionGuid = {39E1FCC0-C42C-479F-A66E-FCF60D57E682}
	EndGlobalSection
EndGlobal
